
Microsoft Visual Studio Solution File, Format Version 12.00
# Visual Studio Version 17
VisualStudioVersion = 17.9.34616.47
MinimumVisualStudioVersion = 10.0.40219.1
Project("{FAE04EC0-301F-11D3-BF4B-00C04F79EFBC}") = "ConsoleApp17   #03", "ConsoleApp17   #03\ConsoleApp17   #03.csproj", "{31CA1A7C-57FF-4D38-AC69-009C8BE685BD}"
EndProject
Global
	GlobalSection(SolutionConfigurationPlatforms) = preSolution
		Debug|Any CPU = Debug|Any CPU
		Release|Any CPU = Release|Any CPU
	EndGlobalSection
	GlobalSection(ProjectConfigurationPlatforms) = postSolution
		{31CA1A7C-57FF-4D38-AC69-009C8BE685BD}.Debug|Any CPU.ActiveCfg = Debug|Any CPU
		{31CA1A7C-57FF-4D38-AC69-009C8BE685BD}.Debug|Any CPU.Build.0 = Debug|Any CPU
		{31CA1A7C-57FF-4D38-AC69-009C8BE685BD}.Release|Any CPU.ActiveCfg = Release|Any CPU
		{31CA1A7C-57FF-4D38-AC69-009C8BE685BD}.Release|Any CPU.Build.0 = Release|Any CPU
	EndGlobalSection
	GlobalSection(SolutionProperties) = preSolution
		HideSolutionNode = FALSE
	EndGlobalSection
	GlobalSection(ExtensibilityGlobals) = postSolution
		SolutionGuid = {6AC73D8D-20F8-43FB-A253-7B90FF2689A2}
	EndGlobalSection
EndGlobal
